
Microsoft Visual Studio Solution File, Format Version 12.00
# Visual Studio Version 17
VisualStudioVersion = 17.1.32210.238
MinimumVisualStudioVersion = 10.0.40219.1
Project("{9A19103F-16F7-4668-BE54-9A1E7A4F7556}") = "BlazingTrails.Client", "BlazingTrails.Client\BlazingTrails.Client.csproj", "{9BE0BC11-D825-4FE4-B053-549A08DFE3F2}"
EndProject
Project("{9A19103F-16F7-4668-BE54-9A1E7A4F7556}") = "BlazingTrails.Api", "BlazingTrails.Api\BlazingTrails.Api.csproj", "{3A04DEF3-E91F-4F33-A934-1141E66185C2}"
EndProject
Project("{9A19103F-16F7-4668-BE54-9A1E7A4F7556}") = "BlazingTrails.Shared", "Blazingtrails.Shared\BlazingTrails.Shared.csproj", "{3A5CE1C9-8828-461E-943E-E125FC7E1E54}"
EndProject
Project("{2150E333-8FDC-42A3-9474-1A3956D46DE8}") = "Matt", "Matt", "{6E6AB184-B8BA-4A81-9D05-E7BE8C4C102B}"
	ProjectSection(SolutionItems) = preProject
		Notes.txt = Notes.txt
	EndProjectSection
EndProject
Project("{9A19103F-16F7-4668-BE54-9A1E7A4F7556}") = "Blazingtrails.Componentlibrary", "blazingtrails.componentlibrary\Blazingtrails.Componentlibrary.csproj", "{0B80C88A-5A99-4170-BC2B-CC1FCD237660}"
EndProject
Global
	GlobalSection(SolutionConfigurationPlatforms) = preSolution
		Debug|Any CPU = Debug|Any CPU
		Release|Any CPU = Release|Any CPU
	EndGlobalSection
	GlobalSection(ProjectConfigurationPlatforms) = postSolution
		{9BE0BC11-D825-4FE4-B053-549A08DFE3F2}.Debug|Any CPU.ActiveCfg = Debug|Any CPU
		{9BE0BC11-D825-4FE4-B053-549A08DFE3F2}.Debug|Any CPU.Build.0 = Debug|Any CPU
		{9BE0BC11-D825-4FE4-B053-549A08DFE3F2}.Release|Any CPU.ActiveCfg = Release|Any CPU
		{9BE0BC11-D825-4FE4-B053-549A08DFE3F2}.Release|Any CPU.Build.0 = Release|Any CPU
		{3A04DEF3-E91F-4F33-A934-1141E66185C2}.Debug|Any CPU.ActiveCfg = Debug|Any CPU
		{3A04DEF3-E91F-4F33-A934-1141E66185C2}.Debug|Any CPU.Build.0 = Debug|Any CPU
		{3A04DEF3-E91F-4F33-A934-1141E66185C2}.Release|Any CPU.ActiveCfg = Release|Any CPU
		{3A04DEF3-E91F-4F33-A934-1141E66185C2}.Release|Any CPU.Build.0 = Release|Any CPU
		{3A5CE1C9-8828-461E-943E-E125FC7E1E54}.Debug|Any CPU.ActiveCfg = Debug|Any CPU
		{3A5CE1C9-8828-461E-943E-E125FC7E1E54}.Debug|Any CPU.Build.0 = Debug|Any CPU
		{3A5CE1C9-8828-461E-943E-E125FC7E1E54}.Release|Any CPU.ActiveCfg = Release|Any CPU
		{3A5CE1C9-8828-461E-943E-E125FC7E1E54}.Release|Any CPU.Build.0 = Release|Any CPU
		{0B80C88A-5A99-4170-BC2B-CC1FCD237660}.Debug|Any CPU.ActiveCfg = Debug|Any CPU
		{0B80C88A-5A99-4170-BC2B-CC1FCD237660}.Debug|Any CPU.Build.0 = Debug|Any CPU
		{0B80C88A-5A99-4170-BC2B-CC1FCD237660}.Release|Any CPU.ActiveCfg = Release|Any CPU
		{0B80C88A-5A99-4170-BC2B-CC1FCD237660}.Release|Any CPU.Build.0 = Release|Any CPU
	EndGlobalSection
	GlobalSection(SolutionProperties) = preSolution
		HideSolutionNode = FALSE
	EndGlobalSection
	GlobalSection(ExtensibilityGlobals) = postSolution
		SolutionGuid = {49016E5A-0307-45D9-972B-A7FF6A4C5A5D}
	EndGlobalSection
EndGlobal
